
Microsoft Visual Studio Solution File, Format Version 12.00
# Visual Studio 15
VisualStudioVersion = 15.0.27130.2003
MinimumVisualStudioVersion = 10.0.40219.1
Project("{FAE04EC0-301F-11D3-BF4B-00C04F79EFBC}") = "Pdf417DecoderLibrary", "Pdf417DecoderLibrary\Pdf417DecoderLibrary.csproj", "{87E9C57B-6B58-44A9-9496-9CEB44736700}"
EndProject
Project("{FAE04EC0-301F-11D3-BF4B-00C04F79EFBC}") = "Pdf417DecoderDemo", "Pdf417DecoderDemo\Pdf417DecoderDemo.csproj", "{867FB074-59D3-4E66-B48C-1F6E4925BF33}"
EndProject
Project("{FAE04EC0-301F-11D3-BF4B-00C04F79EFBC}") = "Pdf417VideoDecoder", "Pdf417VideoDecoder\Pdf417VideoDecoder.csproj", "{DA50BDB4-BC84-4639-B0DE-F12A9975B509}"
EndProject
Global
	GlobalSection(SolutionConfigurationPlatforms) = preSolution
		Debug|Any CPU = Debug|Any CPU
		Release|Any CPU = Release|Any CPU
	EndGlobalSection
	GlobalSection(ProjectConfigurationPlatforms) = postSolution
		{87E9C57B-6B58-44A9-9496-9CEB44736700}.Debug|Any CPU.ActiveCfg = Debug|Any CPU
		{87E9C57B-6B58-44A9-9496-9CEB44736700}.Debug|Any CPU.Build.0 = Debug|Any CPU
		{87E9C57B-6B58-44A9-9496-9CEB44736700}.Release|Any CPU.ActiveCfg = Release|Any CPU
		{87E9C57B-6B58-44A9-9496-9CEB44736700}.Release|Any CPU.Build.0 = Release|Any CPU
		{867FB074-59D3-4E66-B48C-1F6E4925BF33}.Debug|Any CPU.ActiveCfg = Debug|Any CPU
		{867FB074-59D3-4E66-B48C-1F6E4925BF33}.Debug|Any CPU.Build.0 = Debug|Any CPU
		{867FB074-59D3-4E66-B48C-1F6E4925BF33}.Release|Any CPU.ActiveCfg = Release|Any CPU
		{867FB074-59D3-4E66-B48C-1F6E4925BF33}.Release|Any CPU.Build.0 = Release|Any CPU
		{DA50BDB4-BC84-4639-B0DE-F12A9975B509}.Debug|Any CPU.ActiveCfg = Debug|Any CPU
		{DA50BDB4-BC84-4639-B0DE-F12A9975B509}.Debug|Any CPU.Build.0 = Debug|Any CPU
		{DA50BDB4-BC84-4639-B0DE-F12A9975B509}.Release|Any CPU.ActiveCfg = Release|Any CPU
		{DA50BDB4-BC84-4639-B0DE-F12A9975B509}.Release|Any CPU.Build.0 = Release|Any CPU
	EndGlobalSection
	GlobalSection(SolutionProperties) = preSolution
		HideSolutionNode = FALSE
	EndGlobalSection
	GlobalSection(ExtensibilityGlobals) = postSolution
		SolutionGuid = {6E89B2EE-2D94-497A-96D7-FEAE82F1DB6F}
	EndGlobalSection
EndGlobal
